
Microsoft Visual Studio Solution File, Format Version 12.00
# Visual Studio Version 17
VisualStudioVersion = 17.5.33502.453
MinimumVisualStudioVersion = 10.0.40219.1
Project("{FAE04EC0-301F-11D3-BF4B-00C04F79EFBC}") = "MovieCollectionAPI", "MovieCollectionAPI.csproj", "{A3A149FE-4936-4C7E-B550-FECA41DB8026}"
EndProject
Global
	GlobalSection(SolutionConfigurationPlatforms) = preSolution
		Debug|Any CPU = Debug|Any CPU
		Release|Any CPU = Release|Any CPU
	EndGlobalSection
	GlobalSection(ProjectConfigurationPlatforms) = postSolution
		{A3A149FE-4936-4C7E-B550-FECA41DB8026}.Debug|Any CPU.ActiveCfg = Debug|Any CPU
		{A3A149FE-4936-4C7E-B550-FECA41DB8026}.Debug|Any CPU.Build.0 = Debug|Any CPU
		{A3A149FE-4936-4C7E-B550-FECA41DB8026}.Release|Any CPU.ActiveCfg = Release|Any CPU
		{A3A149FE-4936-4C7E-B550-FECA41DB8026}.Release|Any CPU.Build.0 = Release|Any CPU
	EndGlobalSection
	GlobalSection(SolutionProperties) = preSolution
		HideSolutionNode = FALSE
	EndGlobalSection
	GlobalSection(ExtensibilityGlobals) = postSolution
		SolutionGuid = {C33857E4-0568-4F48-B738-1905300D610B}
	EndGlobalSection
EndGlobal
